
Microsoft Visual Studio Solution File, Format Version 12.00
# Visual Studio Version 16
VisualStudioVersion = 16.0.31402.337
MinimumVisualStudioVersion = 10.0.40219.1
Project("{FAE04EC0-301F-11D3-BF4B-00C04F79EFBC}") = "ITDimkClicker.Abstractions", "ITDimkClicker.Abstractions\ITDimkClicker.Abstractions.csproj", "{EBC395CB-C545-4812-8287-67499746FD80}"
EndProject
Project("{FAE04EC0-301F-11D3-BF4B-00C04F79EFBC}") = "RawInput.Sharp", "RawInput.Sharp\RawInput.Sharp.csproj", "{11857F79-06F1-4F6E-AB7E-D19C2B1010FB}"
EndProject
Project("{FAE04EC0-301F-11D3-BF4B-00C04F79EFBC}") = "ITDimkClicker.Implementations", "ITDimkClicker.Implementations\ITDimkClicker.Implementations.csproj", "{EF18694D-594E-44F4-AE3D-37FDF128BF7A}"
EndProject
Project("{FAE04EC0-301F-11D3-BF4B-00C04F79EFBC}") = "ITDImkClicker.ConsoleApp", "ITDImkClicker.ConsoleApp\ITDImkClicker.ConsoleApp.csproj", "{A3C53061-C823-486F-957F-AFA688C2F6E7}"
EndProject
Project("{FAE04EC0-301F-11D3-BF4B-00C04F79EFBC}") = "ITDimkClicker.App", "ITDimkClicker.App\ITDimkClicker.App.csproj", "{D8B293A5-FA28-447C-B336-4EF8A4BC4A43}"
EndProject
Global
	GlobalSection(SolutionConfigurationPlatforms) = preSolution
		Debug|Any CPU = Debug|Any CPU
		Release|Any CPU = Release|Any CPU
	EndGlobalSection
	GlobalSection(ProjectConfigurationPlatforms) = postSolution
		{EBC395CB-C545-4812-8287-67499746FD80}.Debug|Any CPU.ActiveCfg = Debug|Any CPU
		{EBC395CB-C545-4812-8287-67499746FD80}.Debug|Any CPU.Build.0 = Debug|Any CPU
		{EBC395CB-C545-4812-8287-67499746FD80}.Release|Any CPU.ActiveCfg = Release|Any CPU
		{EBC395CB-C545-4812-8287-67499746FD80}.Release|Any CPU.Build.0 = Release|Any CPU
		{11857F79-06F1-4F6E-AB7E-D19C2B1010FB}.Debug|Any CPU.ActiveCfg = Debug|Any CPU
		{11857F79-06F1-4F6E-AB7E-D19C2B1010FB}.Debug|Any CPU.Build.0 = Debug|Any CPU
		{11857F79-06F1-4F6E-AB7E-D19C2B1010FB}.Release|Any CPU.ActiveCfg = Release|Any CPU
		{11857F79-06F1-4F6E-AB7E-D19C2B1010FB}.Release|Any CPU.Build.0 = Release|Any CPU
		{EF18694D-594E-44F4-AE3D-37FDF128BF7A}.Debug|Any CPU.ActiveCfg = Debug|Any CPU
		{EF18694D-594E-44F4-AE3D-37FDF128BF7A}.Debug|Any CPU.Build.0 = Debug|Any CPU
		{EF18694D-594E-44F4-AE3D-37FDF128BF7A}.Release|Any CPU.ActiveCfg = Release|Any CPU
		{EF18694D-594E-44F4-AE3D-37FDF128BF7A}.Release|Any CPU.Build.0 = Release|Any CPU
		{A3C53061-C823-486F-957F-AFA688C2F6E7}.Debug|Any CPU.ActiveCfg = Debug|Any CPU
		{A3C53061-C823-486F-957F-AFA688C2F6E7}.Debug|Any CPU.Build.0 = Debug|Any CPU
		{A3C53061-C823-486F-957F-AFA688C2F6E7}.Release|Any CPU.ActiveCfg = Release|Any CPU
		{A3C53061-C823-486F-957F-AFA688C2F6E7}.Release|Any CPU.Build.0 = Release|Any CPU
		{D8B293A5-FA28-447C-B336-4EF8A4BC4A43}.Debug|Any CPU.ActiveCfg = Debug|Any CPU
		{D8B293A5-FA28-447C-B336-4EF8A4BC4A43}.Debug|Any CPU.Build.0 = Debug|Any CPU
		{D8B293A5-FA28-447C-B336-4EF8A4BC4A43}.Release|Any CPU.ActiveCfg = Release|Any CPU
		{D8B293A5-FA28-447C-B336-4EF8A4BC4A43}.Release|Any CPU.Build.0 = Release|Any CPU
	EndGlobalSection
	GlobalSection(SolutionProperties) = preSolution
		HideSolutionNode = FALSE
	EndGlobalSection
	GlobalSection(ExtensibilityGlobals) = postSolution
		SolutionGuid = {5421B1C2-6477-4D05-B863-5FE9D1E955E3}
	EndGlobalSection
EndGlobal
